
Microsoft Visual Studio Solution File, Format Version 12.00
# Visual Studio Version 16
VisualStudioVersion = 16.0.31105.61
MinimumVisualStudioVersion = 10.0.40219.1
Project("{FAE04EC0-301F-11D3-BF4B-00C04F79EFBC}") = "calculator_xamarin.Android", "calculator_xamarin\calculator_xamarin.Android\calculator_xamarin.Android.csproj", "{F5449156-420F-41A8-907C-DF82185EE68B}"
EndProject
Project("{FAE04EC0-301F-11D3-BF4B-00C04F79EFBC}") = "calculator_xamarin.iOS", "calculator_xamarin\calculator_xamarin.iOS\calculator_xamarin.iOS.csproj", "{7A6E95D3-1778-438A-AABE-DD7F5ED66856}"
EndProject
Project("{FAE04EC0-301F-11D3-BF4B-00C04F79EFBC}") = "calculator_xamarin", "calculator_xamarin\calculator_xamarin\calculator_xamarin.csproj", "{4245F7FB-7208-4747-BE8A-B438C9319717}"
EndProject
Global
	GlobalSection(SolutionConfigurationPlatforms) = preSolution
		Debug|Any CPU = Debug|Any CPU
		Debug|iPhone = Debug|iPhone
		Debug|iPhoneSimulator = Debug|iPhoneSimulator
		Release|Any CPU = Release|Any CPU
		Release|iPhone = Release|iPhone
		Release|iPhoneSimulator = Release|iPhoneSimulator
	EndGlobalSection
	GlobalSection(ProjectConfigurationPlatforms) = postSolution
		{F5449156-420F-41A8-907C-DF82185EE68B}.Debug|Any CPU.ActiveCfg = Debug|Any CPU
		{F5449156-420F-41A8-907C-DF82185EE68B}.Debug|Any CPU.Build.0 = Debug|Any CPU
		{F5449156-420F-41A8-907C-DF82185EE68B}.Debug|Any CPU.Deploy.0 = Debug|Any CPU
		{F5449156-420F-41A8-907C-DF82185EE68B}.Debug|iPhone.ActiveCfg = Debug|Any CPU
		{F5449156-420F-41A8-907C-DF82185EE68B}.Debug|iPhone.Build.0 = Debug|Any CPU
		{F5449156-420F-41A8-907C-DF82185EE68B}.Debug|iPhone.Deploy.0 = Debug|Any CPU
		{F5449156-420F-41A8-907C-DF82185EE68B}.Debug|iPhoneSimulator.ActiveCfg = Debug|Any CPU
		{F5449156-420F-41A8-907C-DF82185EE68B}.Debug|iPhoneSimulator.Build.0 = Debug|Any CPU
		{F5449156-420F-41A8-907C-DF82185EE68B}.Debug|iPhoneSimulator.Deploy.0 = Debug|Any CPU
		{F5449156-420F-41A8-907C-DF82185EE68B}.Release|Any CPU.ActiveCfg = Release|Any CPU
		{F5449156-420F-41A8-907C-DF82185EE68B}.Release|Any CPU.Build.0 = Release|Any CPU
		{F5449156-420F-41A8-907C-DF82185EE68B}.Release|Any CPU.Deploy.0 = Release|Any CPU
		{F5449156-420F-41A8-907C-DF82185EE68B}.Release|iPhone.ActiveCfg = Release|Any CPU
		{F5449156-420F-41A8-907C-DF82185EE68B}.Release|iPhone.Build.0 = Release|Any CPU
		{F5449156-420F-41A8-907C-DF82185EE68B}.Release|iPhone.Deploy.0 = Release|Any CPU
		{F5449156-420F-41A8-907C-DF82185EE68B}.Release|iPhoneSimulator.ActiveCfg = Release|Any CPU
		{F5449156-420F-41A8-907C-DF82185EE68B}.Release|iPhoneSimulator.Build.0 = Release|Any CPU
		{F5449156-420F-41A8-907C-DF82185EE68B}.Release|iPhoneSimulator.Deploy.0 = Release|Any CPU
		{7A6E95D3-1778-438A-AABE-DD7F5ED66856}.Debug|Any CPU.ActiveCfg = Debug|iPhone
		{7A6E95D3-1778-438A-AABE-DD7F5ED66856}.Debug|Any CPU.Build.0 = Debug|iPhone
		{7A6E95D3-1778-438A-AABE-DD7F5ED66856}.Debug|Any CPU.Deploy.0 = Debug|iPhone
		{7A6E95D3-1778-438A-AABE-DD7F5ED66856}.Debug|iPhone.ActiveCfg = Debug|iPhone
		{7A6E95D3-1778-438A-AABE-DD7F5ED66856}.Debug|iPhone.Build.0 = Debug|iPhone
		{7A6E95D3-1778-438A-AABE-DD7F5ED66856}.Debug|iPhone.Deploy.0 = Debug|iPhone
		{7A6E95D3-1778-438A-AABE-DD7F5ED66856}.Debug|iPhoneSimulator.ActiveCfg = Debug|iPhoneSimulator
		{7A6E95D3-1778-438A-AABE-DD7F5ED66856}.Debug|iPhoneSimulator.Build.0 = Debug|iPhoneSimulator
		{7A6E95D3-1778-438A-AABE-DD7F5ED66856}.Debug|iPhoneSimulator.Deploy.0 = Debug|iPhoneSimulator
		{7A6E95D3-1778-438A-AABE-DD7F5ED66856}.Release|Any CPU.ActiveCfg = Release|iPhoneSimulator
		{7A6E95D3-1778-438A-AABE-DD7F5ED66856}.Release|Any CPU.Build.0 = Release|iPhoneSimulator
		{7A6E95D3-1778-438A-AABE-DD7F5ED66856}.Release|Any CPU.Deploy.0 = Release|iPhoneSimulator
		{7A6E95D3-1778-438A-AABE-DD7F5ED66856}.Release|iPhone.ActiveCfg = Release|iPhone
		{7A6E95D3-1778-438A-AABE-DD7F5ED66856}.Release|iPhone.Build.0 = Release|iPhone
		{7A6E95D3-1778-438A-AABE-DD7F5ED66856}.Release|iPhone.Deploy.0 = Release|iPhone
		{7A6E95D3-1778-438A-AABE-DD7F5ED66856}.Release|iPhoneSimulator.ActiveCfg = Release|iPhoneSimulator
		{7A6E95D3-1778-438A-AABE-DD7F5ED66856}.Release|iPhoneSimulator.Build.0 = Release|iPhoneSimulator
		{7A6E95D3-1778-438A-AABE-DD7F5ED66856}.Release|iPhoneSimulator.Deploy.0 = Release|iPhoneSimulator
		{4245F7FB-7208-4747-BE8A-B438C9319717}.Debug|Any CPU.ActiveCfg = Debug|Any CPU
		{4245F7FB-7208-4747-BE8A-B438C9319717}.Debug|Any CPU.Build.0 = Debug|Any CPU
		{4245F7FB-7208-4747-BE8A-B438C9319717}.Debug|Any CPU.Deploy.0 = Debug|Any CPU
		{4245F7FB-7208-4747-BE8A-B438C9319717}.Debug|iPhone.ActiveCfg = Debug|Any CPU
		{4245F7FB-7208-4747-BE8A-B438C9319717}.Debug|iPhone.Build.0 = Debug|Any CPU
		{4245F7FB-7208-4747-BE8A-B438C9319717}.Debug|iPhone.Deploy.0 = Debug|Any CPU
		{4245F7FB-7208-4747-BE8A-B438C9319717}.Debug|iPhoneSimulator.ActiveCfg = Debug|Any CPU
		{4245F7FB-7208-4747-BE8A-B438C9319717}.Debug|iPhoneSimulator.Build.0 = Debug|Any CPU
		{4245F7FB-7208-4747-BE8A-B438C9319717}.Debug|iPhoneSimulator.Deploy.0 = Debug|Any CPU
		{4245F7FB-7208-4747-BE8A-B438C9319717}.Release|Any CPU.ActiveCfg = Release|Any CPU
		{4245F7FB-7208-4747-BE8A-B438C9319717}.Release|Any CPU.Build.0 = Release|Any CPU
		{4245F7FB-7208-4747-BE8A-B438C9319717}.Release|Any CPU.Deploy.0 = Release|Any CPU
		{4245F7FB-7208-4747-BE8A-B438C9319717}.Release|iPhone.ActiveCfg = Release|Any CPU
		{4245F7FB-7208-4747-BE8A-B438C9319717}.Release|iPhone.Build.0 = Release|Any CPU
		{4245F7FB-7208-4747-BE8A-B438C9319717}.Release|iPhone.Deploy.0 = Release|Any CPU
		{4245F7FB-7208-4747-BE8A-B438C9319717}.Release|iPhoneSimulator.ActiveCfg = Release|Any CPU
		{4245F7FB-7208-4747-BE8A-B438C9319717}.Release|iPhoneSimulator.Build.0 = Release|Any CPU
		{4245F7FB-7208-4747-BE8A-B438C9319717}.Release|iPhoneSimulator.Deploy.0 = Release|Any CPU
	EndGlobalSection
	GlobalSection(SolutionProperties) = preSolution
		HideSolutionNode = FALSE
	EndGlobalSection
	GlobalSection(ExtensibilityGlobals) = postSolution
		SolutionGuid = {9884A0A4-6570-493F-AD7A-E9F97AA4636B}
	EndGlobalSection
EndGlobal
